// !$*UTF8*$!
{
	archiveVersion = 1;
	classes = {
	};
	objectVersion = 46;
	objects = {

/* Begin PBXBuildFile section */
		EDDC9E9E1C6174800035FDD9 /* AppDelegate.swift in Sources */ = {isa = PBXBuildFile; fileRef = EDDC9E9D1C6174800035FDD9 /* AppDelegate.swift */; };
		EDDC9EA01C6174800035FDD9 /* ViewController.swift in Sources */ = {isa = PBXBuildFile; fileRef = EDDC9E9F1C6174800035FDD9 /* ViewController.swift */; };
		EDDC9EA31C6174800035FDD9 /* Main.storyboard in Resources */ = {isa = PBXBuildFile; fileRef = EDDC9EA11C6174800035FDD9 /* Main.storyboard */; };
		EDDC9EA51C6174800035FDD9 /* Assets.xcassets in Resources */ = {isa = PBXBuildFile; fileRef = EDDC9EA41C6174800035FDD9 /* Assets.xcassets */; };
		EDDC9EA81C6174800035FDD9 /* LaunchScreen.storyboard in Resources */ = {isa = PBXBuildFile; fileRef = EDDC9EA61C6174800035FDD9 /* LaunchScreen.storyboard */; };
/* End PBXBuildFile section */

/* Begin PBXFileReference section */
		EDDC9E9A1C6174800035FDD9 /* Twitter.app */ = {isa = PBXFileReference; explicitFileType = wrapper.application; includeInIndex = 0; path = Twitter.app; sourceTree = BUILT_PRODUCTS_DIR; };
		EDDC9E9D1C6174800035FDD9 /* AppDelegate.swift */ = {isa = PBXFileReference; lastKnownFileType = sourcecode.swift; path = AppDelegate.swift; sourceTree = "<group>"; };
		EDDC9E9F1C6174800035FDD9 /* ViewController.swift */ = {isa = PBXFileReference; lastKnownFileType = sourcecode.swift; path = ViewController.swift; sourceTree = "<group>"; };
		EDDC9EA21C6174800035FDD9 /* Base */ = {isa = PBXFileReference; lastKnownFileType = file.storyboard; name = Base; path = Base.lproj/Main.storyboard; sourceTree = "<group>"; };
		EDDC9EA41C6174800035FDD9 /* Assets.xcassets */ = {isa = PBXFileReference; lastKnownFileType = folder.assetcatalog; path = Assets.xcassets; sourceTree = "<group>"; };
		EDDC9EA71C6174800035FDD9 /* Base */ = {isa = PBXFileReference; lastKnownFileType = file.storyboard; name = Base; path = Base.lproj/LaunchScreen.storyboard; sourceTree = "<group>"; };
		EDDC9EA91C6174800035FDD9 /* Info.plist */ = {isa = PBXFileReference; lastKnownFileType = text.plist.xml; path = Info.plist; sourceTree = "<group>"; };
/* End PBXFileReference section */

/* Begin PBXFrameworksBuildPhase section */
		EDDC9E971C61747F0035FDD9 /* Frameworks */ = {
			isa = PBXFrameworksBuildPhase;
			buildActionMask = 2147483647;
			files = (
			);
			runOnlyForDeploymentPostprocessing = 0;
		};
/* End PBXFrameworksBuildPhase section */

/* Begin PBXGroup section */
		EDDC9E911C61747F0035FDD9 = {
			isa = PBXGroup;
			children = (
				EDDC9E9C1C6174800035FDD9 /* Twitter */,
				EDDC9E9B1C6174800035FDD9 /* Products */,
			);
			sourceTree = "<group>";
		};
		EDDC9E9B1C6174800035FDD9 /* Products */ = {
			isa = PBXGroup;
			children = (
				EDDC9E9A1C6174800035FDD9 /* Twitter.app */,
			);
			name = Products;
			sourceTree = "<group>";
		};
		EDDC9E9C1C6174800035FDD9 /* Twitter */ = {
			isa = PBXGroup;
			children = (
				EDDC9E9D1C6174800035FDD9 /* AppDelegate.swift */,
				EDDC9E9F1C6174800035FDD9 /* ViewController.swift */,
				EDDC9EA11C6174800035FDD9 /* Main.storyboard */,
				EDDC9EA41C6174800035FDD9 /* Assets.xcassets */,
				EDDC9EA61C6174800035FDD9 /* LaunchScreen.storyboard */,
				EDDC9EA91C6174800035FDD9 /* Info.plist */,
			);
			path = Twitter;
			sourceTree = "<group>";
		};
/* End PBXGroup section */

/* Begin PBXNativeTarget section */
		EDDC9E991C61747F0035FDD9 /* Twitter */ = {
			isa = PBXNativeTarget;
			buildConfigurationList = EDDC9EAC1C6174800035FDD9 /* Build configuration list for PBXNativeTarget "Twitter" */;
			buildPhases = (
				EDDC9E961C61747F0035FDD9 /* Sources */,
				EDDC9E971C61747F0035FDD9 /* Frameworks */,
				EDDC9E981C61747F0035FDD9 /* Resources */,
			);
			buildRules = (
			);
			dependencies = (
			);
			name = Twitter;
			productName = Twitter;
			productReference = EDDC9E9A1C6174800035FDD9 /* Twitter.app */;
			productType = "com.apple.product-type.application";
		};
/* End PBXNativeTarget section */

/* Begin PBXProject section */
		EDDC9E921C61747F0035FDD9 /* Project object */ = {
			isa = PBXProject;
			attributes = {
				LastSwiftUpdateCheck = 0720;
				LastUpgradeCheck = 0720;
				ORGANIZATIONNAME = codepath;
				TargetAttributes = {
					EDDC9E991C61747F0035FDD9 = {
						CreatedOnToolsVersion = 7.2;
					};
				};
			};
			buildConfigurationList = EDDC9E951C61747F0035FDD9 /* Build configuration list for PBXProject "Twitter" */;
			compatibilityVersion = "Xcode 3.2";
			developmentRegion = English;
			hasScannedForEncodings = 0;
			knownRegions = (
				en,
				Base,
			);
			mainGroup = EDDC9E911C61747F0035FDD9;
			productRefGroup = EDDC9E9B1C6174800035FDD9 /* Products */;
			projectDirPath = "";
			projectRoot = "";
			targets = (
				EDDC9E991C61747F0035FDD9 /* Twitter */,
			);
		};
/* End PBXProject section */

/* Begin PBXResourcesBuildPhase section */
		EDDC9E981C61747F0035FDD9 /* Resources */ = {
			isa = PBXResourcesBuildPhase;
			buildActionMask = 2147483647;
			files = (
				EDDC9EA81C6174800035FDD9 /* LaunchScreen.storyboard in Resources */,
				EDDC9EA51C6174800035FDD9 /* Assets.xcassets in Resources */,
				EDDC9EA31C6174800035FDD9 /* Main.storyboard in Resources */,
			);
			runOnlyForDeploymentPostprocessing = 0;
		};
/* End PBXResourcesBuildPhase section */

/* Begin PBXSourcesBuildPhase section */
		EDDC9E961C61747F0035FDD9 /* Sources */ = {
			isa = PBXSourcesBuildPhase;
			buildActionMask = 2147483647;
			files = (
				EDDC9EA01C6174800035FDD9 /* ViewController.swift in Sources */,
				EDDC9E9E1C6174800035FDD9 /* AppDelegate.swift in Sources */,
			);
			runOnlyForDeploymentPostprocessing = 0;
		};
/* End PBXSourcesBuildPhase section */

/* Begin PBXVariantGroup section */
		EDDC9EA11C6174800035FDD9 /* Main.storyboard */ = {
			isa = PBXVariantGroup;
			children = (
				EDDC9EA21C6174800035FDD9 /* Base */,
			);
			name = Main.storyboard;
			sourceTree = "<group>";
		};
		EDDC9EA61C6174800035FDD9 /* LaunchScreen.storyboard */ = {
			isa = PBXVariantGroup;
			children = (
				EDDC9EA71C6174800035FDD9 /* Base */,
			);
			name = LaunchScreen.storyboard;
			sourceTree = "<group>";
		};
/* End PBXVariantGroup section */

/* Begin XCBuildConfiguration section */
		EDDC9EAA1C6174800035FDD9 /* Debug */ = {
			isa = XCBuildConfiguration;
			buildSettings = {
				ALWAYS_SEARCH_USER_PATHS = NO;
				CLANG_CXX_LANGUAGE_STANDARD = "gnu++0x";
				CLANG_CXX_LIBRARY = "libc++";
				CLANG_ENABLE_MODULES = YES;
				CLANG_ENABLE_OBJC_ARC = YES;
				CLANG_WARN_BOOL_CONVERSION = YES;
				CLANG_WARN_CONSTANT_CONVERSION = YES;
				CLANG_WARN_DIRECT_OBJC_ISA_USAGE = YES_ERROR;
				CLANG_WARN_EMPTY_BODY = YES;
				CLANG_WARN_ENUM_CONVERSION = YES;
				CLANG_WARN_INT_CONVERSION = YES;
				CLANG_WARN_OBJC_ROOT_CLASS = YES_ERROR;
				CLANG_WARN_UNREACHABLE_CODE = YES;
				CLANG_WARN__DUPLICATE_METHOD_MATCH = YES;
				"CODE_SIGN_IDENTITY[sdk=iphoneos*]" = "iPhone Developer";
				COPY_PHASE_STRIP = NO;
				DEBUG_INFORMATION_FORMAT = dwarf;
				ENABLE_STRICT_OBJC_MSGSEND = YES;
				ENABLE_TESTABILITY = YES;
				GCC_C_LANGUAGE_STANDARD = gnu99;
				GCC_DYNAMIC_NO_PIC = NO;
				GCC_NO_COMMON_BLOCKS = YES;
				GCC_OPTIMIZATION_LEVEL = 0;
				GCC_PREPROCESSOR_DEFINITIONS = (
					"DEBUG=1",
					"$(inherited)",
				);
				GCC_WARN_64_TO_32_BIT_CONVERSION = YES;
				GCC_WARN_ABOUT_RETURN_TYPE = YES_ERROR;
				GCC_WARN_UNDECLARED_SELECTOR = YES;
				GCC_WARN_UNINITIALIZED_AUTOS = YES_AGGRESSIVE;
				GCC_WARN_UNUSED_FUNCTION = YES;
				GCC_WARN_UNUSED_VARIABLE = YES;
				IPHONEOS_DEPLOYMENT_TARGET = 9.2;
				MTL_ENABLE_DEBUG_INFO = YES;
				ONLY_ACTIVE_ARCH = YES;
				SDKROOT = iphoneos;
				SWIFT_OPTIMIZATION_LEVEL = "-Onone";
			};
			name = Debug;
		};
		EDDC9EAB1C6174800035FDD9 /* Release */ = {
			isa = XCBuildConfiguration;
			buildSettings = {
				ALWAYS_SEARCH_USER_PATHS = NO;
				CLANG_CXX_LANGUAGE_STANDARD = "gnu++0x";
				CLANG_CXX_LIBRARY = "libc++";
				CLANG_ENABLE_MODULES = YES;
				CLANG_ENABLE_OBJC_ARC = YES;
				CLANG_WARN_BOOL_CONVERSION = YES;
				CLANG_WARN_CONSTANT_CONVERSION = YES;
				CLANG_WARN_DIRECT_OBJC_ISA_USAGE = YES_ERROR;
				CLANG_WARN_EMPTY_BODY = YES;
				CLANG_WARN_ENUM_CONVERSION = YES;
				CLANG_WARN_INT_CONVERSION = YES;
				CLANG_WARN_OBJC_ROOT_CLASS = YES_ERROR;
				CLANG_WARN_UNREACHABLE_CODE = YES;
				CLANG_WARN__DUPLICATE_METHOD_MATCH = YES;
				"CODE_SIGN_IDENTITY[sdk=iphoneos*]" = "iPhone Developer";
				COPY_PHASE_STRIP = NO;
				DEBUG_INFORMATION_FORMAT = "dwarf-with-dsym";
				ENABLE_NS_ASSERTIONS = NO;
				ENABLE_STRICT_OBJC_MSGSEND = YES;
				GCC_C_LANGUAGE_STANDARD = gnu99;
				GCC_NO_COMMON_BLOCKS = YES;
				GCC_WARN_64_TO_32_BIT_CONVERSION = YES;
				GCC_WARN_ABOUT_RETURN_TYPE = YES_ERROR;
				GCC_WARN_UNDECLARED_SELECTOR = YES;
				GCC_WARN_UNINITIALIZED_AUTOS = YES_AGGRESSIVE;
				GCC_WARN_UNUSED_FUNCTION = YES;
				GCC_WARN_UNUSED_VARIABLE = YES;
				IPHONEOS_DEPLOYMENT_TARGET = 9.2;
				MTL_ENABLE_DEBUG_INFO = NO;
				SDKROOT = iphoneos;
				VALIDATE_PRODUCT = YES;
			};
			name = Release;
		};
		EDDC9EAD1C6174800035FDD9 /* Debug */ = {
			isa = XCBuildConfiguration;
			buildSettings = {
				ASSETCATALOG_COMPILER_APPICON_NAME = AppIcon;
				INFOPLIST_FILE = Twitter/Info.plist;
				LD_RUNPATH_SEARCH_PATHS = "$(inherited) @executable_path/Frameworks";
				PRODUCT_BUNDLE_IDENTIFIER = com.codepath.Twitter;
				PRODUCT_NAME = "$(TARGET_NAME)";
			};
			name = Debug;
		};
		EDDC9EAE1C6174800035FDD9 /* Release */ = {
			isa = XCBuildConfiguration;
			buildSettings = {
				ASSETCATALOG_COMPILER_APPICON_NAME = AppIcon;
				INFOPLIST_FILE = Twitter/Info.plist;
				LD_RUNPATH_SEARCH_PATHS = "$(inherited) @executable_path/Frameworks";
				PRODUCT_BUNDLE_IDENTIFIER = com.codepath.Twitter;
				PRODUCT_NAME = "$(TARGET_NAME)";
			};
			name = Release;
		};
/* End XCBuildConfiguration section */

/* Begin XCConfigurationList section */
		EDDC9E951C61747F0035FDD9 /* Build configuration list for PBXProject "Twitter" */ = {
			isa = XCConfigurationList;
			buildConfigurations = (
				EDDC9EAA1C6174800035FDD9 /* Debug */,
				EDDC9EAB1C6174800035FDD9 /* Release */,
			);
			defaultConfigurationIsVisible = 0;
			defaultConfigurationName = Release;
		};
		EDDC9EAC1C6174800035FDD9 /* Build configuration list for PBXNativeTarget "Twitter" */ = {
			isa = XCConfigurationList;
			buildConfigurations = (
				EDDC9EAD1C6174800035FDD9 /* Debug */,
				EDDC9EAE1C6174800035FDD9 /* Release */,
			);
			defaultConfigurationIsVisible = 0;
		};
/* End XCConfigurationList section */
	};
	rootObject = EDDC9E921C61747F0035FDD9 /* Project object */;
}
